
Microsoft Visual Studio Solution File, Format Version 12.00
# Visual Studio Version 16
VisualStudioVersion = 16.0.29911.84
MinimumVisualStudioVersion = 10.0.40219.1
Project("{FAE04EC0-301F-11D3-BF4B-00C04F79EFBC}") = "HalloWeb", "HalloWeb\HalloWeb.csproj", "{153F40BD-F3B2-4F42-AC8C-F9B24A069A54}"
EndProject
Global
	GlobalSection(SolutionConfigurationPlatforms) = preSolution
		Debug|Any CPU = Debug|Any CPU
		Release|Any CPU = Release|Any CPU
	EndGlobalSection
	GlobalSection(ProjectConfigurationPlatforms) = postSolution
		{153F40BD-F3B2-4F42-AC8C-F9B24A069A54}.Debug|Any CPU.ActiveCfg = Debug|Any CPU
		{153F40BD-F3B2-4F42-AC8C-F9B24A069A54}.Debug|Any CPU.Build.0 = Debug|Any CPU
		{153F40BD-F3B2-4F42-AC8C-F9B24A069A54}.Release|Any CPU.ActiveCfg = Release|Any CPU
		{153F40BD-F3B2-4F42-AC8C-F9B24A069A54}.Release|Any CPU.Build.0 = Release|Any CPU
	EndGlobalSection
	GlobalSection(SolutionProperties) = preSolution
		HideSolutionNode = FALSE
	EndGlobalSection
	GlobalSection(ExtensibilityGlobals) = postSolution
		SolutionGuid = {8AC79162-0F13-48BE-9106-360F75DE19E8}
	EndGlobalSection
EndGlobal
